PODS:
  - Charts (3.3.0):
    - Charts/Core (= 3.3.0)
  - Charts/Core (3.3.0)
  - GoogleMaps (3.0.2):
    - GoogleMaps/Maps (= 3.0.2)
  - GoogleMaps/Base (3.0.2)
  - GoogleMaps/Maps (3.0.2):
    - GoogleMaps/Base
  - GooglePlaces (3.0.2):
    - GoogleMaps/Base (= 3.0.2)
  - ReachabilitySwift (4.3.1)
  - SwiftMessages (6.0.2):
    - SwiftMessages/App (= 6.0.2)
  - SwiftMessages/App (6.0.2)

DEPENDENCIES:
  - Charts
  - GoogleMaps (= 3.0.2)
  - GooglePlaces (= 3.0.2)
  - ReachabilitySwift
  - SwiftMessages

SPEC REPOS:
  https://github.com/cocoapods/specs.git:
    - Charts
    - GoogleMaps
    - GooglePlaces
    - ReachabilitySwift
    - SwiftMessages

SPEC CHECKSUMS:
  Charts: ec1f57f9340054155691e84d4544a1d239d382c5
  GoogleMaps: 941cd655e009b4d8e42df19a3d749bc3fccec973
  GooglePlaces: c086e0055dc5f0177d7c9d65fc77a1734f9a4825
  ReachabilitySwift: 4032e2f59586e11e3b0ebe15b167abdd587a388b
  SwiftMessages: 8b3cc68dba2f1c91aac1a74c90b10287aac35371

PODFILE CHECKSUM: b0ce4e8c2bf0990c6d8139c26eee477eef2dc1bd

COCOAPODS: 1.5.3
